
Microsoft Visual Studio Solution File, Format Version 12.00
# Visual Studio Version 16
VisualStudioVersion = 16.0.33927.289
MinimumVisualStudioVersion = 10.0.40219.1
Project("{2150E333-8FDC-42A3-9474-1A3956D46DE8}") = "Task0", "Task0", "{CBCD05B2-DBF0-4230-AAEB-296F3EB40D21}"
EndProject
Project("{FAE04EC0-301F-11D3-BF4B-00C04F79EFBC}") = "Tyuiu.KolchakovDR.Sprint0.Task0.V0", "Tyuiu.KolchakovDR.Sprint0.Task0.V0\Tyuiu.KolchakovDR.Sprint0.Task0.V0.csproj", "{119A14AF-D84A-450B-8C41-0856EE145973}"
EndProject
Project("{2150E333-8FDC-42A3-9474-1A3956D46DE8}") = "Task1", "Task1", "{C16ADB4E-62A1-4E1D-BC48-D2EB0E162CBE}"
EndProject
Project("{FAE04EC0-301F-11D3-BF4B-00C04F79EFBC}") = "Tyuiu.KolchakovDR.Sprint0.Task1.V0", "Tyuiu.KolchakovDR.Sprint0.Task1.V0\Tyuiu.KolchakovDR.Sprint0.Task1.V0.csproj", "{1556CA97-8FB8-4E6F-BB40-D2167EA0BD52}"
EndProject
Project("{2150E333-8FDC-42A3-9474-1A3956D46DE8}") = "Task2", "Task2", "{F822D479-129E-4C55-9268-DE24F8571570}"
EndProject
Project("{FAE04EC0-301F-11D3-BF4B-00C04F79EFBC}") = "Tyuiu.KolchakovDR.Sprint0.Task2.V0", "Tyuiu.KolchakovDR.Sprint0.Task2.V0\Tyuiu.KolchakovDR.Sprint0.Task2.V0.csproj", "{AEC25AF7-8A74-4437-88F4-7EA2AAE868B2}"
EndProject
Project("{FAE04EC0-301F-11D3-BF4B-00C04F79EFBC}") = "Tyuiu.KolchakovDR.Sprint0.Task2.V0.Lib", "Tyuiu.KolchakovDR.Sprint0V0.Lib\Tyuiu.KolchakovDR.Sprint0.Task2.V0.Lib.csproj", "{1E82B2D7-4F22-4039-B38E-B0AE63B6C47C}"
EndProject
Project("{FAE04EC0-301F-11D3-BF4B-00C04F79EFBC}") = "Tyuiu.KolchakovDR.Sprint0.Task2.V0.Test", "Tyuiu.KolchakovDR.Sprint0.Task2.V0.Test\Tyuiu.KolchakovDR.Sprint0.Task2.V0.Test.csproj", "{E7146AD2-76E5-4CBC-8496-0FBDB2039428}"
EndProject
Project("{2150E333-8FDC-42A3-9474-1A3956D46DE8}") = "Task3", "Task3", "{D4BE22D0-A56C-47DA-A35C-247E8FA1F43A}"
EndProject
Project("{FAE04EC0-301F-11D3-BF4B-00C04F79EFBC}") = "Tyuiu.KolchakovDR.Sprint0.Task3.V0", "Tyuiu.KolchakovDR.Sprint0.Task3.V0\Tyuiu.KolchakovDR.Sprint0.Task3.V0.csproj", "{419F2FB9-2885-491A-9A3D-204E1CD89EEB}"
EndProject
Project("{FAE04EC0-301F-11D3-BF4B-00C04F79EFBC}") = "Tyuiu.KolchakovDR.Sprint0.Task3.V0.Lib", "Tyuiu.KolchakovDR.Sprint0.Task3.V0.Lib\Tyuiu.KolchakovDR.Sprint0.Task3.V0.Lib.csproj", "{E2F104CC-B9E6-495F-8925-23D26B342704}"
EndProject
Project("{FAE04EC0-301F-11D3-BF4B-00C04F79EFBC}") = "Tyuiu.KolchakovDR.Sprint0.Task3.V0.Test", "Tyuiu.KolchakovDR.Sprint0.Task3.V0.Test\Tyuiu.KolchakovDR.Sprint0.Task3.V0.Test.csproj", "{C6A6241F-6BEB-4B70-8378-985E09FEDDC1}"
EndProject
Project("{2150E333-8FDC-42A3-9474-1A3956D46DE8}") = "Task4", "Task4", "{1D421D9E-821B-4D47-9884-01FE039B7F36}"
EndProject
Project("{FAE04EC0-301F-11D3-BF4B-00C04F79EFBC}") = "Tyuiu.KolchakovDR.Sprint0.Task4.V0", "Tyuiu.KolchakovDR.Sprint0.Task4.V0\Tyuiu.KolchakovDR.Sprint0.Task4.V0.csproj", "{F04451D3-7067-4AB0-B039-605B5E4E570D}"
EndProject
Project("{FAE04EC0-301F-11D3-BF4B-00C04F79EFBC}") = "Tyuiu.KolchakovDR.Sprint0.Task4.V0.Lib", "Tyuiu.KolchakovDR.Sprint0.Task4.V0.Lib\Tyuiu.KolchakovDR.Sprint0.Task4.V0.Lib.csproj", "{63C8BA98-282E-4E2A-BBB1-85D2FCA3845B}"
EndProject
Project("{FAE04EC0-301F-11D3-BF4B-00C04F79EFBC}") = "Tyuiu.KolchakovDR.Sprint0.Task4.V0.Test", "Tyuiu.KolchakovDR.Sprint0.Task4.V0.Test\Tyuiu.KolchakovDR.Sprint0.Task4.V0.Test.csproj", "{0BC43BAC-2CE2-4133-9E92-09329F186142}"
EndProject
Project("{2150E333-8FDC-42A3-9474-1A3956D46DE8}") = "Task5", "Task5", "{E8AD484B-D3FC-4E73-A50D-49237F74151A}"
EndProject
Project("{FAE04EC0-301F-11D3-BF4B-00C04F79EFBC}") = "Tyuiu.KolchakovDR.Sprint0.Task5.V0", "Tyuiu.KolchakovDR.Sprint0.Task5.V0\Tyuiu.KolchakovDR.Sprint0.Task5.V0.csproj", "{A073EC06-451A-4685-B215-1C1DF43DAD25}"
EndProject
Project("{FAE04EC0-301F-11D3-BF4B-00C04F79EFBC}") = "Tyuiu.KolchakovDR.Sprint0.Task5.V0.Lib", "Tyuiu.KolchakovDR.Sprint0.Task5.V0.Lib\Tyuiu.KolchakovDR.Sprint0.Task5.V0.Lib.csproj", "{A95F196A-D18B-463F-AFE1-B8E0CF03C5A8}"
EndProject
Project("{FAE04EC0-301F-11D3-BF4B-00C04F79EFBC}") = "Tyuiu.KolchakovDR.Sprint0.Task5.V0.Test", "Tyuiu.KolchakovDR.Sprint0.Task5.V0.Test\Tyuiu.KolchakovDR.Sprint0.Task5.V0.Test.csproj", "{FBEFA3E4-E755-480E-84AA-43E52E758BCC}"
EndProject
Project("{2150E333-8FDC-42A3-9474-1A3956D46DE8}") = "Task6", "Task6", "{90C3E53A-EE7D-4BA3-8458-8E518F56E533}"
EndProject
Project("{FAE04EC0-301F-11D3-BF4B-00C04F79EFBC}") = "Tyuiu.KolchakovDR.Sprint0.Task6.V0", "Tyuiu.KolchakovDR.Sprint0.Task6.V0\Tyuiu.KolchakovDR.Sprint0.Task6.V0.csproj", "{E380922A-E3F7-46DC-ABA6-2E0E59946FD8}"
EndProject
Project("{FAE04EC0-301F-11D3-BF4B-00C04F79EFBC}") = "Tyuiu.KolchakovDR.Sprint0.Task6.V0.Lib", "Tyuiu.KolchakovDR.Sprint0.Task6.V0.Lib\Tyuiu.KolchakovDR.Sprint0.Task6.V0.Lib.csproj", "{C6EA76C4-A78A-430C-AC8F-60C1A5F2C119}"
EndProject
Project("{FAE04EC0-301F-11D3-BF4B-00C04F79EFBC}") = "Tyuiu.KolchakovDR.Sprint0.Task6.V0.Test", "Tyuiu.KolchakovDR.Sprint0.Task6.V0.Test\Tyuiu.KolchakovDR.Sprint0.Task6.V0.Test.csproj", "{2431AEA8-9D69-435F-8494-82F35EA194DB}"
EndProject
Global
	GlobalSection(SolutionConfigurationPlatforms) = preSolution
		Debug|Any CPU = Debug|Any CPU
		Release|Any CPU = Release|Any CPU
	EndGlobalSection
	GlobalSection(ProjectConfigurationPlatforms) = postSolution
		{119A14AF-D84A-450B-8C41-0856EE145973}.Debug|Any CPU.ActiveCfg = Debug|Any CPU
		{119A14AF-D84A-450B-8C41-0856EE145973}.Debug|Any CPU.Build.0 = Debug|Any CPU
		{119A14AF-D84A-450B-8C41-0856EE145973}.Release|Any CPU.ActiveCfg = Release|Any CPU
		{119A14AF-D84A-450B-8C41-0856EE145973}.Release|Any CPU.Build.0 = Release|Any CPU
		{1556CA97-8FB8-4E6F-BB40-D2167EA0BD52}.Debug|Any CPU.ActiveCfg = Debug|Any CPU
		{1556CA97-8FB8-4E6F-BB40-D2167EA0BD52}.Debug|Any CPU.Build.0 = Debug|Any CPU
		{1556CA97-8FB8-4E6F-BB40-D2167EA0BD52}.Release|Any CPU.ActiveCfg = Release|Any CPU
		{1556CA97-8FB8-4E6F-BB40-D2167EA0BD52}.Release|Any CPU.Build.0 = Release|Any CPU
		{AEC25AF7-8A74-4437-88F4-7EA2AAE868B2}.Debug|Any CPU.ActiveCfg = Debug|Any CPU
		{AEC25AF7-8A74-4437-88F4-7EA2AAE868B2}.Debug|Any CPU.Build.0 = Debug|Any CPU
		{AEC25AF7-8A74-4437-88F4-7EA2AAE868B2}.Release|Any CPU.ActiveCfg = Release|Any CPU
		{AEC25AF7-8A74-4437-88F4-7EA2AAE868B2}.Release|Any CPU.Build.0 = Release|Any CPU
		{1E82B2D7-4F22-4039-B38E-B0AE63B6C47C}.Debug|Any CPU.ActiveCfg = Debug|Any CPU
		{1E82B2D7-4F22-4039-B38E-B0AE63B6C47C}.Debug|Any CPU.Build.0 = Debug|Any CPU
		{1E82B2D7-4F22-4039-B38E-B0AE63B6C47C}.Release|Any CPU.ActiveCfg = Release|Any CPU
		{1E82B2D7-4F22-4039-B38E-B0AE63B6C47C}.Release|Any CPU.Build.0 = Release|Any CPU
		{E7146AD2-76E5-4CBC-8496-0FBDB2039428}.Debug|Any CPU.ActiveCfg = Debug|Any CPU
		{E7146AD2-76E5-4CBC-8496-0FBDB2039428}.Debug|Any CPU.Build.0 = Debug|Any CPU
		{E7146AD2-76E5-4CBC-8496-0FBDB2039428}.Release|Any CPU.ActiveCfg = Release|Any CPU
		{E7146AD2-76E5-4CBC-8496-0FBDB2039428}.Release|Any CPU.Build.0 = Release|Any CPU
		{419F2FB9-2885-491A-9A3D-204E1CD89EEB}.Debug|Any CPU.ActiveCfg = Debug|Any CPU
		{419F2FB9-2885-491A-9A3D-204E1CD89EEB}.Debug|Any CPU.Build.0 = Debug|Any CPU
		{419F2FB9-2885-491A-9A3D-204E1CD89EEB}.Release|Any CPU.ActiveCfg = Release|Any CPU
		{419F2FB9-2885-491A-9A3D-204E1CD89EEB}.Release|Any CPU.Build.0 = Release|Any CPU
		{E2F104CC-B9E6-495F-8925-23D26B342704}.Debug|Any CPU.ActiveCfg = Debug|Any CPU
		{E2F104CC-B9E6-495F-8925-23D26B342704}.Debug|Any CPU.Build.0 = Debug|Any CPU
		{E2F104CC-B9E6-495F-8925-23D26B342704}.Release|Any CPU.ActiveCfg = Release|Any CPU
		{E2F104CC-B9E6-495F-8925-23D26B342704}.Release|Any CPU.Build.0 = Release|Any CPU
		{C6A6241F-6BEB-4B70-8378-985E09FEDDC1}.Debug|Any CPU.ActiveCfg = Debug|Any CPU
		{C6A6241F-6BEB-4B70-8378-985E09FEDDC1}.Debug|Any CPU.Build.0 = Debug|Any CPU
		{C6A6241F-6BEB-4B70-8378-985E09FEDDC1}.Release|Any CPU.ActiveCfg = Release|Any CPU
		{C6A6241F-6BEB-4B70-8378-985E09FEDDC1}.Release|Any CPU.Build.0 = Release|Any CPU
		{F04451D3-7067-4AB0-B039-605B5E4E570D}.Debug|Any CPU.ActiveCfg = Debug|Any CPU
		{F04451D3-7067-4AB0-B039-605B5E4E570D}.Debug|Any CPU.Build.0 = Debug|Any CPU
		{F04451D3-7067-4AB0-B039-605B5E4E570D}.Release|Any CPU.ActiveCfg = Release|Any CPU
		{F04451D3-7067-4AB0-B039-605B5E4E570D}.Release|Any CPU.Build.0 = Release|Any CPU
		{63C8BA98-282E-4E2A-BBB1-85D2FCA3845B}.Debug|Any CPU.ActiveCfg = Debug|Any CPU
		{63C8BA98-282E-4E2A-BBB1-85D2FCA3845B}.Debug|Any CPU.Build.0 = Debug|Any CPU
		{63C8BA98-282E-4E2A-BBB1-85D2FCA3845B}.Release|Any CPU.ActiveCfg = Release|Any CPU
		{63C8BA98-282E-4E2A-BBB1-85D2FCA3845B}.Release|Any CPU.Build.0 = Release|Any CPU
		{0BC43BAC-2CE2-4133-9E92-09329F186142}.Debug|Any CPU.ActiveCfg = Debug|Any CPU
		{0BC43BAC-2CE2-4133-9E92-09329F186142}.Debug|Any CPU.Build.0 = Debug|Any CPU
		{0BC43BAC-2CE2-4133-9E92-09329F186142}.Release|Any CPU.ActiveCfg = Release|Any CPU
		{0BC43BAC-2CE2-4133-9E92-09329F186142}.Release|Any CPU.Build.0 = Release|Any CPU
		{A073EC06-451A-4685-B215-1C1DF43DAD25}.Debug|Any CPU.ActiveCfg = Debug|Any CPU
		{A073EC06-451A-4685-B215-1C1DF43DAD25}.Debug|Any CPU.Build.0 = Debug|Any CPU
		{A073EC06-451A-4685-B215-1C1DF43DAD25}.Release|Any CPU.ActiveCfg = Release|Any CPU
		{A073EC06-451A-4685-B215-1C1DF43DAD25}.Release|Any CPU.Build.0 = Release|Any CPU
		{A95F196A-D18B-463F-AFE1-B8E0CF03C5A8}.Debug|Any CPU.ActiveCfg = Debug|Any CPU
		{A95F196A-D18B-463F-AFE1-B8E0CF03C5A8}.Debug|Any CPU.Build.0 = Debug|Any CPU
		{A95F196A-D18B-463F-AFE1-B8E0CF03C5A8}.Release|Any CPU.ActiveCfg = Release|Any CPU
		{A95F196A-D18B-463F-AFE1-B8E0CF03C5A8}.Release|Any CPU.Build.0 = Release|Any CPU
		{FBEFA3E4-E755-480E-84AA-43E52E758BCC}.Debug|Any CPU.ActiveCfg = Debug|Any CPU
		{FBEFA3E4-E755-480E-84AA-43E52E758BCC}.Debug|Any CPU.Build.0 = Debug|Any CPU
		{FBEFA3E4-E755-480E-84AA-43E52E758BCC}.Release|Any CPU.ActiveCfg = Release|Any CPU
		{FBEFA3E4-E755-480E-84AA-43E52E758BCC}.Release|Any CPU.Build.0 = Release|Any CPU
		{E380922A-E3F7-46DC-ABA6-2E0E59946FD8}.Debug|Any CPU.ActiveCfg = Debug|Any CPU
		{E380922A-E3F7-46DC-ABA6-2E0E59946FD8}.Debug|Any CPU.Build.0 = Debug|Any CPU
		{E380922A-E3F7-46DC-ABA6-2E0E59946FD8}.Release|Any CPU.ActiveCfg = Release|Any CPU
		{E380922A-E3F7-46DC-ABA6-2E0E59946FD8}.Release|Any CPU.Build.0 = Release|Any CPU
		{C6EA76C4-A78A-430C-AC8F-60C1A5F2C119}.Debug|Any CPU.ActiveCfg = Debug|Any CPU
		{C6EA76C4-A78A-430C-AC8F-60C1A5F2C119}.Debug|Any CPU.Build.0 = Debug|Any CPU
		{C6EA76C4-A78A-430C-AC8F-60C1A5F2C119}.Release|Any CPU.ActiveCfg = Release|Any CPU
		{C6EA76C4-A78A-430C-AC8F-60C1A5F2C119}.Release|Any CPU.Build.0 = Release|Any CPU
		{2431AEA8-9D69-435F-8494-82F35EA194DB}.Debug|Any CPU.ActiveCfg = Debug|Any CPU
		{2431AEA8-9D69-435F-8494-82F35EA194DB}.Debug|Any CPU.Build.0 = Debug|Any CPU
		{2431AEA8-9D69-435F-8494-82F35EA194DB}.Release|Any CPU.ActiveCfg = Release|Any CPU
		{2431AEA8-9D69-435F-8494-82F35EA194DB}.Release|Any CPU.Build.0 = Release|Any CPU
	EndGlobalSection
	GlobalSection(SolutionProperties) = preSolution
		HideSolutionNode = FALSE
	EndGlobalSection
	GlobalSection(NestedProjects) = preSolution
		{119A14AF-D84A-450B-8C41-0856EE145973} = {CBCD05B2-DBF0-4230-AAEB-296F3EB40D21}
		{1556CA97-8FB8-4E6F-BB40-D2167EA0BD52} = {C16ADB4E-62A1-4E1D-BC48-D2EB0E162CBE}
		{AEC25AF7-8A74-4437-88F4-7EA2AAE868B2} = {F822D479-129E-4C55-9268-DE24F8571570}
		{1E82B2D7-4F22-4039-B38E-B0AE63B6C47C} = {F822D479-129E-4C55-9268-DE24F8571570}
		{E7146AD2-76E5-4CBC-8496-0FBDB2039428} = {F822D479-129E-4C55-9268-DE24F8571570}
		{419F2FB9-2885-491A-9A3D-204E1CD89EEB} = {D4BE22D0-A56C-47DA-A35C-247E8FA1F43A}
		{E2F104CC-B9E6-495F-8925-23D26B342704} = {D4BE22D0-A56C-47DA-A35C-247E8FA1F43A}
		{C6A6241F-6BEB-4B70-8378-985E09FEDDC1} = {D4BE22D0-A56C-47DA-A35C-247E8FA1F43A}
		{F04451D3-7067-4AB0-B039-605B5E4E570D} = {1D421D9E-821B-4D47-9884-01FE039B7F36}
		{63C8BA98-282E-4E2A-BBB1-85D2FCA3845B} = {1D421D9E-821B-4D47-9884-01FE039B7F36}
		{0BC43BAC-2CE2-4133-9E92-09329F186142} = {1D421D9E-821B-4D47-9884-01FE039B7F36}
		{A073EC06-451A-4685-B215-1C1DF43DAD25} = {E8AD484B-D3FC-4E73-A50D-49237F74151A}
		{A95F196A-D18B-463F-AFE1-B8E0CF03C5A8} = {E8AD484B-D3FC-4E73-A50D-49237F74151A}
		{FBEFA3E4-E755-480E-84AA-43E52E758BCC} = {E8AD484B-D3FC-4E73-A50D-49237F74151A}
		{E380922A-E3F7-46DC-ABA6-2E0E59946FD8} = {90C3E53A-EE7D-4BA3-8458-8E518F56E533}
		{C6EA76C4-A78A-430C-AC8F-60C1A5F2C119} = {90C3E53A-EE7D-4BA3-8458-8E518F56E533}
		{2431AEA8-9D69-435F-8494-82F35EA194DB} = {90C3E53A-EE7D-4BA3-8458-8E518F56E533}
	EndGlobalSection
	GlobalSection(ExtensibilityGlobals) = postSolution
		SolutionGuid = {B4E9DF13-BC7A-42F1-9298-61B7D7987312}
	EndGlobalSection
EndGlobal
